
Microsoft Visual Studio Solution File, Format Version 12.00
# Visual Studio Version 16
VisualStudioVersion = 16.0.33529.622
MinimumVisualStudioVersion = 10.0.40219.1
Project("{FAE04EC0-301F-11D3-BF4B-00C04F79EFBC}") = "Zahard_Cars", "Zahard_Cars\Zahard_Cars.csproj", "{FE331033-C959-489E-9095-E5826E55A967}"
EndProject
Global
	GlobalSection(SolutionConfigurationPlatforms) = preSolution
		Debug|Any CPU = Debug|Any CPU
		Release|Any CPU = Release|Any CPU
	EndGlobalSection
	GlobalSection(ProjectConfigurationPlatforms) = postSolution
		{FE331033-C959-489E-9095-E5826E55A967}.Debug|Any CPU.ActiveCfg = Debug|Any CPU
		{FE331033-C959-489E-9095-E5826E55A967}.Debug|Any CPU.Build.0 = Debug|Any CPU
		{FE331033-C959-489E-9095-E5826E55A967}.Release|Any CPU.ActiveCfg = Release|Any CPU
		{FE331033-C959-489E-9095-E5826E55A967}.Release|Any CPU.Build.0 = Release|Any CPU
	EndGlobalSection
	GlobalSection(SolutionProperties) = preSolution
		HideSolutionNode = FALSE
	EndGlobalSection
	GlobalSection(ExtensibilityGlobals) = postSolution
		SolutionGuid = {90B19BD8-073F-4B70-BECE-81FB894D2A9B}
	EndGlobalSection
EndGlobal
